
Microsoft Visual Studio Solution File, Format Version 12.00
# Visual Studio 14
VisualStudioVersion = 14.0.24720.0
MinimumVisualStudioVersion = 10.0.40219.1
Project("{F2A71F9B-5D33-465A-A702-920D77279786}") = "ComputationExpressions.TypeProviders", "src\ComputationExpressions.TypeProviders\ComputationExpressions.TypeProviders.fsproj", "{B32A9D71-BA66-403D-A136-3CA43AB53DEB}"
EndProject
Project("{F2A71F9B-5D33-465A-A702-920D77279786}") = "ComputationExpressions.TypeProviders.Tests", "tests\ComputationExpressions.TypeProviders.Tests\ComputationExpressions.TypeProviders.Tests.fsproj", "{E16CB468-48AF-4733-BFB6-E13EFC4E7365}"
EndProject
Project("{F2A71F9B-5D33-465A-A702-920D77279786}") = "ComputationExpressions.Helper", "tests\ComputationExpressions.Helper\ComputationExpressions.Helper.fsproj", "{0B3CAD9A-BE98-4615-A1CF-B4FED12B6ED9}"
EndProject
Project("{F2A71F9B-5D33-465A-A702-920D77279786}") = "ComputationExpressions", "src\ComputationExpressions\ComputationExpressions.fsproj", "{D3E8A843-76D3-4865-84AE-4AD80B145495}"
EndProject
Project("{F2A71F9B-5D33-465A-A702-920D77279786}") = "ComputationExpressions.Tests", "tests\ComputationExpressions.Tests\ComputationExpressions.Tests.fsproj", "{A688B2B0-32C7-4AE8-B9FF-EC58E8A3E9FF}"
EndProject
Global
	GlobalSection(SolutionConfigurationPlatforms) = preSolution
		Debug|Any CPU = Debug|Any CPU
		Release|Any CPU = Release|Any CPU
	EndGlobalSection
	GlobalSection(ProjectConfigurationPlatforms) = postSolution
		{B32A9D71-BA66-403D-A136-3CA43AB53DEB}.Debug|Any CPU.ActiveCfg = Debug|Any CPU
		{B32A9D71-BA66-403D-A136-3CA43AB53DEB}.Debug|Any CPU.Build.0 = Debug|Any CPU
		{B32A9D71-BA66-403D-A136-3CA43AB53DEB}.Release|Any CPU.ActiveCfg = Release|Any CPU
		{B32A9D71-BA66-403D-A136-3CA43AB53DEB}.Release|Any CPU.Build.0 = Release|Any CPU
		{E16CB468-48AF-4733-BFB6-E13EFC4E7365}.Debug|Any CPU.ActiveCfg = Debug|Any CPU
		{E16CB468-48AF-4733-BFB6-E13EFC4E7365}.Debug|Any CPU.Build.0 = Debug|Any CPU
		{E16CB468-48AF-4733-BFB6-E13EFC4E7365}.Release|Any CPU.ActiveCfg = Release|Any CPU
		{E16CB468-48AF-4733-BFB6-E13EFC4E7365}.Release|Any CPU.Build.0 = Release|Any CPU
		{0B3CAD9A-BE98-4615-A1CF-B4FED12B6ED9}.Debug|Any CPU.ActiveCfg = Debug|Any CPU
		{0B3CAD9A-BE98-4615-A1CF-B4FED12B6ED9}.Debug|Any CPU.Build.0 = Debug|Any CPU
		{0B3CAD9A-BE98-4615-A1CF-B4FED12B6ED9}.Release|Any CPU.ActiveCfg = Release|Any CPU
		{0B3CAD9A-BE98-4615-A1CF-B4FED12B6ED9}.Release|Any CPU.Build.0 = Release|Any CPU
		{D3E8A843-76D3-4865-84AE-4AD80B145495}.Debug|Any CPU.ActiveCfg = Debug|Any CPU
		{D3E8A843-76D3-4865-84AE-4AD80B145495}.Debug|Any CPU.Build.0 = Debug|Any CPU
		{D3E8A843-76D3-4865-84AE-4AD80B145495}.Release|Any CPU.ActiveCfg = Release|Any CPU
		{D3E8A843-76D3-4865-84AE-4AD80B145495}.Release|Any CPU.Build.0 = Release|Any CPU
		{A688B2B0-32C7-4AE8-B9FF-EC58E8A3E9FF}.Debug|Any CPU.ActiveCfg = Debug|Any CPU
		{A688B2B0-32C7-4AE8-B9FF-EC58E8A3E9FF}.Debug|Any CPU.Build.0 = Debug|Any CPU
		{A688B2B0-32C7-4AE8-B9FF-EC58E8A3E9FF}.Release|Any CPU.ActiveCfg = Release|Any CPU
		{A688B2B0-32C7-4AE8-B9FF-EC58E8A3E9FF}.Release|Any CPU.Build.0 = Release|Any CPU
	EndGlobalSection
	GlobalSection(SolutionProperties) = preSolution
		HideSolutionNode = FALSE
	EndGlobalSection
EndGlobal
